// !$*UTF8*$!
{
	archiveVersion = 1;
	classes = {
	};
	objectVersion = 56;
	objects = {

/* Begin PBXBuildFile section */
		6402C6582C9068D700DCDAFB /* MainCoordinator.swift in Sources */ = {isa = PBXBuildFile; fileRef = 6402C6572C9068D700DCDAFB /* MainCoordinator.swift */; };
		6402C65A2C9075EC00DCDAFB /* BaseCoordinator.swift in Sources */ = {isa = PBXBuildFile; fileRef = 6402C6592C9075EC00DCDAFB /* BaseCoordinator.swift */; };
		6402C6632C948D1E00DCDAFB /* FeedCoordinator.swift in Sources */ = {isa = PBXBuildFile; fileRef = 6402C6622C948D1E00DCDAFB /* FeedCoordinator.swift */; };
		6402C6652C948D4800DCDAFB /* ProfileCoordinator.swift in Sources */ = {isa = PBXBuildFile; fileRef = 6402C6642C948D4800DCDAFB /* ProfileCoordinator.swift */; };
		640A82622BC093140021FE40 /* User.swift in Sources */ = {isa = PBXBuildFile; fileRef = 640A82612BC093140021FE40 /* User.swift */; };
		640A82652BC12DD90021FE40 /* CurrentUserService.swift in Sources */ = {isa = PBXBuildFile; fileRef = 640A82642BC12DD90021FE40 /* CurrentUserService.swift */; };
		640F43482BA38C4C00DB6B42 /* StorageService.h in Headers */ = {isa = PBXBuildFile; fileRef = 640F43472BA38C4C00DB6B42 /* StorageService.h */; settings = {ATTRIBUTES = (Public, ); }; };
		640F434B2BA38C4C00DB6B42 /* StorageService.framework in Frameworks */ = {isa = PBXBuildFile; fileRef = 640F43452BA38C4C00DB6B42 /* StorageService.framework */; };
		640F434C2BA38C4C00DB6B42 /* StorageService.framework in Embed Frameworks */ = {isa = PBXBuildFile; fileRef = 640F43452BA38C4C00DB6B42 /* StorageService.framework */; settings = {ATTRIBUTES = (CodeSignOnCopy, RemoveHeadersOnCopy, ); }; };
		640F43512BA38C6700DB6B42 /* Post.swift in Sources */ = {isa = PBXBuildFile; fileRef = 640F433B2BA38BB200DB6B42 /* Post.swift */; };
		641B67932BA5B58C00F3E656 /* iOSIntPackage in Frameworks */ = {isa = PBXBuildFile; productRef = 641B67922BA5B58C00F3E656 /* iOSIntPackage */; };
		642AA3AC2B79D96800700255 /* LogInViewController.swift in Sources */ = {isa = PBXBuildFile; fileRef = 642AA3AB2B79D96800700255 /* LogInViewController.swift */; };
		642AA3D42B825EE700700255 /* PostTableViewCell.swift in Sources */ = {isa = PBXBuildFile; fileRef = 642AA3D32B825EE700700255 /* PostTableViewCell.swift */; };
		642AA3FA2B8A277B00700255 /* PhotosTableViewCell.swift in Sources */ = {isa = PBXBuildFile; fileRef = 642AA3F92B8A277B00700255 /* PhotosTableViewCell.swift */; };
		642AA3FC2B8DB69200700255 /* PhotosViewController.swift in Sources */ = {isa = PBXBuildFile; fileRef = 642AA3FB2B8DB69200700255 /* PhotosViewController.swift */; };
		642AA3FE2B8DC9E300700255 /* PhotosCollectionViewCell.swift in Sources */ = {isa = PBXBuildFile; fileRef = 642AA3FD2B8DC9E300700255 /* PhotosCollectionViewCell.swift */; };
		645319252C94C09100E72AD7 /* LoginVM.swift in Sources */ = {isa = PBXBuildFile; fileRef = 645319242C94C09100E72AD7 /* LoginVM.swift */; };
		6461563B2B6681DB00E15E50 /* ProfileHeaderView.swift in Sources */ = {isa = PBXBuildFile; fileRef = 6461563A2B6681DB00E15E50 /* ProfileHeaderView.swift */; };
		6461563F2B66841E00E15E50 /* ProfileViewController.swift in Sources */ = {isa = PBXBuildFile; fileRef = 6461563E2B66841E00E15E50 /* ProfileViewController.swift */; };
		646ADCFB2B5D075000A9BEBD /* AppDelegate.swift in Sources */ = {isa = PBXBuildFile; fileRef = 646ADCFA2B5D075000A9BEBD /* AppDelegate.swift */; };
		646ADCFD2B5D075000A9BEBD /* SceneDelegate.swift in Sources */ = {isa = PBXBuildFile; fileRef = 646ADCFC2B5D075000A9BEBD /* SceneDelegate.swift */; };
		646ADCFF2B5D075000A9BEBD /* ViewController.swift in Sources */ = {isa = PBXBuildFile; fileRef = 646ADCFE2B5D075000A9BEBD /* ViewController.swift */; };
		646ADD042B5D075100A9BEBD /* Assets.xcassets in Resources */ = {isa = PBXBuildFile; fileRef = 646ADD032B5D075100A9BEBD /* Assets.xcassets */; };
		646ADD072B5D075100A9BEBD /* LaunchScreen.storyboard in Resources */ = {isa = PBXBuildFile; fileRef = 646ADD052B5D075100A9BEBD /* LaunchScreen.storyboard */; };
		646ADD0F2B5DCF3E00A9BEBD /* FeedViewController.swift in Sources */ = {isa = PBXBuildFile; fileRef = 646ADD0E2B5DCF3E00A9BEBD /* FeedViewController.swift */; };
		646ADD132B5EE2FC00A9BEBD /* PostViewController.swift in Sources */ = {isa = PBXBuildFile; fileRef = 646ADD122B5EE2FC00A9BEBD /* PostViewController.swift */; };
		646ADD152B5F149C00A9BEBD /* InfoViewController.swift in Sources */ = {isa = PBXBuildFile; fileRef = 646ADD142B5F149C00A9BEBD /* InfoViewController.swift */; };
		647832942BF9211B00117C3E /* FeedModel.swift in Sources */ = {isa = PBXBuildFile; fileRef = 647832932BF9211B00117C3E /* FeedModel.swift */; };
		647832962C0B206000117C3E /* FeedViewModel.swift in Sources */ = {isa = PBXBuildFile; fileRef = 647832952C0B206000117C3E /* FeedViewModel.swift */; };
		647832992C0B21BB00117C3E /* MVVMProtocol.swift in Sources */ = {isa = PBXBuildFile; fileRef = 647832982C0B21BB00117C3E /* MVVMProtocol.swift */; };
		64A507E52BC15A780009F457 /* TestUserService.swift in Sources */ = {isa = PBXBuildFile; fileRef = 64A507E42BC15A780009F457 /* TestUserService.swift */; };
		64A507E72BCF8A9D0009F457 /* Checker.swift in Sources */ = {isa = PBXBuildFile; fileRef = 64A507E62BCF8A9D0009F457 /* Checker.swift */; };
		64A507E92BD3B97E0009F457 /* LoginFactory.swift in Sources */ = {isa = PBXBuildFile; fileRef = 64A507E82BD3B97E0009F457 /* LoginFactory.swift */; };
		64E2187D2BF3F79E006D3636 /* CustomButton.swift in Sources */ = {isa = PBXBuildFile; fileRef = 64E2187C2BF3F79E006D3636 /* CustomButton.swift */; };
/* End PBXBuildFile section */

/* Begin PBXContainerItemProxy section */
		640F43492BA38C4C00DB6B42 /* PBXContainerItemProxy */ = {
			isa = PBXContainerItemProxy;
			containerPortal = 646ADCEF2B5D075000A9BEBD /* Project object */;
			proxyType = 1;
			remoteGlobalIDString = 640F43442BA38C4C00DB6B42;
			remoteInfo = StorageService;
		};
/* End PBXContainerItemProxy section */

/* Begin PBXCopyFilesBuildPhase section */
		640F43322BA3873B00DB6B42 /* Embed Frameworks */ = {
			isa = PBXCopyFilesBuildPhase;
			buildActionMask = 2147483647;
			dstPath = "";
			dstSubfolderSpec = 10;
			files = (
				640F434C2BA38C4C00DB6B42 /* StorageService.framework in Embed Frameworks */,
			);
			name = "Embed Frameworks";
			runOnlyForDeploymentPostprocessing = 0;
		};
/* End PBXCopyFilesBuildPhase section */

/* Begin PBXFileReference section */
		6402C6572C9068D700DCDAFB /* MainCoordinator.swift */ = {isa = PBXFileReference; lastKnownFileType = sourcecode.swift; path = MainCoordinator.swift; sourceTree = "<group>"; };
		6402C6592C9075EC00DCDAFB /* BaseCoordinator.swift */ = {isa = PBXFileReference; lastKnownFileType = sourcecode.swift; path = BaseCoordinator.swift; sourceTree = "<group>"; };
		6402C6622C948D1E00DCDAFB /* FeedCoordinator.swift */ = {isa = PBXFileReference; lastKnownFileType = sourcecode.swift; path = FeedCoordinator.swift; sourceTree = "<group>"; };
		6402C6642C948D4800DCDAFB /* ProfileCoordinator.swift */ = {isa = PBXFileReference; lastKnownFileType = sourcecode.swift; path = ProfileCoordinator.swift; sourceTree = "<group>"; };
		640A82612BC093140021FE40 /* User.swift */ = {isa = PBXFileReference; lastKnownFileType = sourcecode.swift; path = User.swift; sourceTree = "<group>"; };
		640A82642BC12DD90021FE40 /* CurrentUserService.swift */ = {isa = PBXFileReference; lastKnownFileType = sourcecode.swift; path = CurrentUserService.swift; sourceTree = "<group>"; };
		640F433B2BA38BB200DB6B42 /* Post.swift */ = {isa = PBXFileReference; lastKnownFileType = sourcecode.swift; path = Post.swift; sourceTree = "<group>"; };
		640F43452BA38C4C00DB6B42 /* StorageService.framework */ = {isa = PBXFileReference; explicitFileType = wrapper.framework; includeInIndex = 0; path = StorageService.framework; sourceTree = BUILT_PRODUCTS_DIR; };
		640F43472BA38C4C00DB6B42 /* StorageService.h */ = {isa = PBXFileReference; lastKnownFileType = sourcecode.c.h; path = StorageService.h; sourceTree = "<group>"; };
		640F434D2BA38C4C00DB6B42 /* Navigation.app */ = {isa = PBXFileReference; explicitFileType = wrapper.application; includeInIndex = 0; path = Navigation.app; sourceTree = BUILT_PRODUCTS_DIR; };
		642AA3AB2B79D96800700255 /* LogInViewController.swift */ = {isa = PBXFileReference; lastKnownFileType = sourcecode.swift; path = LogInViewController.swift; sourceTree = "<group>"; };
		642AA3D32B825EE700700255 /* PostTableViewCell.swift */ = {isa = PBXFileReference; lastKnownFileType = sourcecode.swift; path = PostTableViewCell.swift; sourceTree = "<group>"; };
		642AA3F92B8A277B00700255 /* PhotosTableViewCell.swift */ = {isa = PBXFileReference; lastKnownFileType = sourcecode.swift; path = PhotosTableViewCell.swift; sourceTree = "<group>"; };
		642AA3FB2B8DB69200700255 /* PhotosViewController.swift */ = {isa = PBXFileReference; lastKnownFileType = sourcecode.swift; path = PhotosViewController.swift; sourceTree = "<group>"; };
		642AA3FD2B8DC9E300700255 /* PhotosCollectionViewCell.swift */ = {isa = PBXFileReference; lastKnownFileType = sourcecode.swift; path = PhotosCollectionViewCell.swift; sourceTree = "<group>"; };
		645319242C94C09100E72AD7 /* LoginVM.swift */ = {isa = PBXFileReference; lastKnownFileType = sourcecode.swift; path = LoginVM.swift; sourceTree = "<group>"; };
		6461563A2B6681DB00E15E50 /* ProfileHeaderView.swift */ = {isa = PBXFileReference; lastKnownFileType = sourcecode.swift; path = ProfileHeaderView.swift; sourceTree = "<group>"; };
		6461563E2B66841E00E15E50 /* ProfileViewController.swift */ = {isa = PBXFileReference; lastKnownFileType = sourcecode.swift; path = ProfileViewController.swift; sourceTree = "<group>"; };
		646ADCFA2B5D075000A9BEBD /* AppDelegate.swift */ = {isa = PBXFileReference; lastKnownFileType = sourcecode.swift; path = AppDelegate.swift; sourceTree = "<group>"; };
		646ADCFC2B5D075000A9BEBD /* SceneDelegate.swift */ = {isa = PBXFileReference; lastKnownFileType = sourcecode.swift; path = SceneDelegate.swift; sourceTree = "<group>"; };
		646ADCFE2B5D075000A9BEBD /* ViewController.swift */ = {isa = PBXFileReference; lastKnownFileType = sourcecode.swift; path = ViewController.swift; sourceTree = "<group>"; };
		646ADD032B5D075100A9BEBD /* Assets.xcassets */ = {isa = PBXFileReference; lastKnownFileType = folder.assetcatalog; path = Assets.xcassets; sourceTree = "<group>"; };
		646ADD062B5D075100A9BEBD /* Base */ = {isa = PBXFileReference; lastKnownFileType = file.storyboard; name = Base; path = Base.lproj/LaunchScreen.storyboard; sourceTree = "<group>"; };
		646ADD082B5D075100A9BEBD /* Info.plist */ = {isa = PBXFileReference; lastKnownFileType = text.plist.xml; path = Info.plist; sourceTree = "<group>"; };
		646ADD0E2B5DCF3E00A9BEBD /* FeedViewController.swift */ = {isa = PBXFileReference; lastKnownFileType = sourcecode.swift; path = FeedViewController.swift; sourceTree = "<group>"; };
		646ADD122B5EE2FC00A9BEBD /* PostViewController.swift */ = {isa = PBXFileReference; lastKnownFileType = sourcecode.swift; path = PostViewController.swift; sourceTree = "<group>"; };
		646ADD142B5F149C00A9BEBD /* InfoViewController.swift */ = {isa = PBXFileReference; lastKnownFileType = sourcecode.swift; path = InfoViewController.swift; sourceTree = "<group>"; };
		647832932BF9211B00117C3E /* FeedModel.swift */ = {isa = PBXFileReference; lastKnownFileType = sourcecode.swift; path = FeedModel.swift; sourceTree = "<group>"; };
		647832952C0B206000117C3E /* FeedViewModel.swift */ = {isa = PBXFileReference; lastKnownFileType = sourcecode.swift; path = FeedViewModel.swift; sourceTree = "<group>"; };
		647832982C0B21BB00117C3E /* MVVMProtocol.swift */ = {isa = PBXFileReference; lastKnownFileType = sourcecode.swift; path = MVVMProtocol.swift; sourceTree = "<group>"; };
		64A507E42BC15A780009F457 /* TestUserService.swift */ = {isa = PBXFileReference; lastKnownFileType = sourcecode.swift; path = TestUserService.swift; sourceTree = "<group>"; };
		64A507E62BCF8A9D0009F457 /* Checker.swift */ = {isa = PBXFileReference; lastKnownFileType = sourcecode.swift; path = Checker.swift; sourceTree = "<group>"; };
		64A507E82BD3B97E0009F457 /* LoginFactory.swift */ = {isa = PBXFileReference; lastKnownFileType = sourcecode.swift; path = LoginFactory.swift; sourceTree = "<group>"; };
		64E2187C2BF3F79E006D3636 /* CustomButton.swift */ = {isa = PBXFileReference; lastKnownFileType = sourcecode.swift; path = CustomButton.swift; sourceTree = "<group>"; };
/* End PBXFileReference section */

/* Begin PBXFrameworksBuildPhase section */
		640F43422BA38C4C00DB6B42 /* Frameworks */ = {
			isa = PBXFrameworksBuildPhase;
			buildActionMask = 2147483647;
			files = (
			);
			runOnlyForDeploymentPostprocessing = 0;
		};
		646ADCF42B5D075000A9BEBD /* Frameworks */ = {
			isa = PBXFrameworksBuildPhase;
			buildActionMask = 2147483647;
			files = (
				640A82602BBDF3B60021FE40 /* SnapKit in Frameworks */,
				640F434B2BA38C4C00DB6B42 /* StorageService.framework in Frameworks */,
				645E18C02C9EE15B00E3144A /* iOSIntPackage in Frameworks */,
			);
			runOnlyForDeploymentPostprocessing = 0;
		};
/* End PBXFrameworksBuildPhase section */

/* Begin PBXGroup section */
		6402C6542C90673100DCDAFB /* Coordinators */ = {
			isa = PBXGroup;
			children = (
				6402C6592C9075EC00DCDAFB /* BaseCoordinator.swift */,
				6402C6572C9068D700DCDAFB /* MainCoordinator.swift */,
			);
			path = Coordinators;
			sourceTree = "<group>";
		};
		6402C65B2C948C2700DCDAFB /* Flows */ = {
			isa = PBXGroup;
			children = (
				6402C65C2C948C5600DCDAFB /* FeedFlow */,
				6402C65D2C948C6B00DCDAFB /* ProfileFlow */,
			);
			path = Flows;
			sourceTree = "<group>";
		};
		6402C65C2C948C5600DCDAFB /* FeedFlow */ = {
			isa = PBXGroup;
			children = (
				6402C6622C948D1E00DCDAFB /* FeedCoordinator.swift */,
			);
			path = FeedFlow;
			sourceTree = "<group>";
		};
		6402C65D2C948C6B00DCDAFB /* ProfileFlow */ = {
			isa = PBXGroup;
			children = (
				6402C6642C948D4800DCDAFB /* ProfileCoordinator.swift */,
				6402C6602C948CC500DCDAFB /* ProfileModule */,
			);
			path = ProfileFlow;
			sourceTree = "<group>";
		};
		6402C6602C948CC500DCDAFB /* ProfileModule */ = {
			isa = PBXGroup;
			children = (
				642AA3AB2B79D96800700255 /* LogInViewController.swift */,
				645319242C94C09100E72AD7 /* LoginVM.swift */,
			);
			path = ProfileModule;
			sourceTree = "<group>";
		};
		640A82632BC094520021FE40 /* User */ = {
			isa = PBXGroup;
			children = (
				640A82612BC093140021FE40 /* User.swift */,
				640A82642BC12DD90021FE40 /* CurrentUserService.swift */,
				64A507E42BC15A780009F457 /* TestUserService.swift */,
			);
			path = User;
			sourceTree = "<group>";
		};
		640F43462BA38C4C00DB6B42 /* StorageService */ = {
			isa = PBXGroup;
			children = (
				640F433B2BA38BB200DB6B42 /* Post.swift */,
				640F43472BA38C4C00DB6B42 /* StorageService.h */,
			);
			path = StorageService;
			sourceTree = "<group>";
		};
		646156392B66816E00E15E50 /* Profile */ = {
			isa = PBXGroup;
			children = (
				6461563A2B6681DB00E15E50 /* ProfileHeaderView.swift */,
				6461563E2B66841E00E15E50 /* ProfileViewController.swift */,
				642AA3D32B825EE700700255 /* PostTableViewCell.swift */,
				642AA3F92B8A277B00700255 /* PhotosTableViewCell.swift */,
				642AA3FB2B8DB69200700255 /* PhotosViewController.swift */,
				642AA3FD2B8DC9E300700255 /* PhotosCollectionViewCell.swift */,
				64A507E62BCF8A9D0009F457 /* Checker.swift */,
				64A507E82BD3B97E0009F457 /* LoginFactory.swift */,
			);
			path = Profile;
			sourceTree = "<group>";
		};
		646ADCEE2B5D075000A9BEBD = {
			isa = PBXGroup;
			children = (
				646ADCF92B5D075000A9BEBD /* Navigation */,
				640F43452BA38C4C00DB6B42 /* StorageService.framework */,
				640F43462BA38C4C00DB6B42 /* StorageService */,
				640F434D2BA38C4C00DB6B42 /* Navigation.app */,
			);
			sourceTree = "<group>";
		};
		646ADCF92B5D075000A9BEBD /* Navigation */ = {
			isa = PBXGroup;
			children = (
				6402C6542C90673100DCDAFB /* Coordinators */,
				6402C65B2C948C2700DCDAFB /* Flows */,
				647832972C0B20E600117C3E /* MVVM */,
				647832922BF9124A00117C3E /* Model */,
				646156392B66816E00E15E50 /* Profile */,
				640A82632BC094520021FE40 /* User */,
				646ADCFA2B5D075000A9BEBD /* AppDelegate.swift */,
				646ADCFC2B5D075000A9BEBD /* SceneDelegate.swift */,
				646ADCFE2B5D075000A9BEBD /* ViewController.swift */,
				646ADD032B5D075100A9BEBD /* Assets.xcassets */,
				646ADD052B5D075100A9BEBD /* LaunchScreen.storyboard */,
				646ADD082B5D075100A9BEBD /* Info.plist */,
				646ADD122B5EE2FC00A9BEBD /* PostViewController.swift */,
				646ADD142B5F149C00A9BEBD /* InfoViewController.swift */,
			);
			path = Navigation;
			sourceTree = "<group>";
		};
		647832922BF9124A00117C3E /* Model */ = {
			isa = PBXGroup;
			children = (
				64E2187C2BF3F79E006D3636 /* CustomButton.swift */,
			);
			path = Model;
			sourceTree = "<group>";
		};
		647832972C0B20E600117C3E /* MVVM */ = {
			isa = PBXGroup;
			children = (
				647832952C0B206000117C3E /* FeedViewModel.swift */,
				646ADD0E2B5DCF3E00A9BEBD /* FeedViewController.swift */,
				647832932BF9211B00117C3E /* FeedModel.swift */,
				647832982C0B21BB00117C3E /* MVVMProtocol.swift */,
			);
			path = MVVM;
			sourceTree = "<group>";
		};
/* End PBXGroup section */

/* Begin PBXHeadersBuildPhase section */
		640F43402BA38C4C00DB6B42 /* Headers */ = {
			isa = PBXHeadersBuildPhase;
			buildActionMask = 2147483647;
			files = (
				640F43482BA38C4C00DB6B42 /* StorageService.h in Headers */,
			);
			runOnlyForDeploymentPostprocessing = 0;
		};
/* End PBXHeadersBuildPhase section */

/* Begin PBXNativeTarget section */
		640F43442BA38C4C00DB6B42 /* StorageService */ = {
			isa = PBXNativeTarget;
			buildConfigurationList = 640F434E2BA38C4C00DB6B42 /* Build configuration list for PBXNativeTarget "StorageService" */;
			buildPhases = (
				640F43402BA38C4C00DB6B42 /* Headers */,
				640F43412BA38C4C00DB6B42 /* Sources */,
				640F43422BA38C4C00DB6B42 /* Frameworks */,
				640F43432BA38C4C00DB6B42 /* Resources */,
			);
			buildRules = (
			);
			dependencies = (
			);
			name = StorageService;
			productName = StorageService;
			productReference = 640F43452BA38C4C00DB6B42 /* StorageService.framework */;
			productType = "com.apple.product-type.framework";
		};
		646ADCF62B5D075000A9BEBD /* Navigation */ = {
			isa = PBXNativeTarget;
			buildConfigurationList = 646ADD0B2B5D075100A9BEBD /* Build configuration list for PBXNativeTarget "Navigation" */;
			buildPhases = (
				646ADCF32B5D075000A9BEBD /* Sources */,
				646ADCF42B5D075000A9BEBD /* Frameworks */,
				646ADCF52B5D075000A9BEBD /* Resources */,
				640F43322BA3873B00DB6B42 /* Embed Frameworks */,
			);
			buildRules = (
			);
			dependencies = (
				640F434A2BA38C4C00DB6B42 /* PBXTargetDependency */,
			);
			name = Navigation;
			packageProductDependencies = (
				645E18BF2C9EE15B00E3144A /* iOSIntPackage */,
			);
			productName = Navigation;
			productReference = 640F434D2BA38C4C00DB6B42 /* Navigation.app */;
			productType = "com.apple.product-type.application";
		};
/* End PBXNativeTarget section */

/* Begin PBXProject section */
		646ADCEF2B5D075000A9BEBD /* Project object */ = {
			isa = PBXProject;
			attributes = {
				BuildIndependentTargetsInParallel = 1;
				LastSwiftUpdateCheck = 1530;
				LastUpgradeCheck = 1530;
				TargetAttributes = {
					640F43442BA38C4C00DB6B42 = {
						CreatedOnToolsVersion = 15.3;
					};
					646ADCF62B5D075000A9BEBD = {
						CreatedOnToolsVersion = 15.2;
					};
				};
			};
			buildConfigurationList = 646ADCF22B5D075000A9BEBD /* Build configuration list for PBXProject "Navigation" */;
			compatibilityVersion = "Xcode 14.0";
			developmentRegion = en;
			hasScannedForEncodings = 0;
			knownRegions = (
				en,
				Base,
			);
			mainGroup = 646ADCEE2B5D075000A9BEBD;
			packageReferences = (
				645E18BE2C9EE15B00E3144A /* XCRemoteSwiftPackageReference "iOSIntPackage" */,
			);
			productRefGroup = 646ADCEE2B5D075000A9BEBD;
			projectDirPath = "";
			projectRoot = "";
			targets = (
				646ADCF62B5D075000A9BEBD /* Navigation */,
				640F43442BA38C4C00DB6B42 /* StorageService */,
			);
		};
/* End PBXProject section */

/* Begin PBXResourcesBuildPhase section */
		640F43432BA38C4C00DB6B42 /* Resources */ = {
			isa = PBXResourcesBuildPhase;
			buildActionMask = 2147483647;
			files = (
			);
			runOnlyForDeploymentPostprocessing = 0;
		};
		646ADCF52B5D075000A9BEBD /* Resources */ = {
			isa = PBXResourcesBuildPhase;
			buildActionMask = 2147483647;
			files = (
				646ADD072B5D075100A9BEBD /* LaunchScreen.storyboard in Resources */,
				646ADD042B5D075100A9BEBD /* Assets.xcassets in Resources */,
			);
			runOnlyForDeploymentPostprocessing = 0;
		};
/* End PBXResourcesBuildPhase section */

/* Begin PBXSourcesBuildPhase section */
		640F43412BA38C4C00DB6B42 /* Sources */ = {
			isa = PBXSourcesBuildPhase;
			buildActionMask = 2147483647;
			files = (
				640F43512BA38C6700DB6B42 /* Post.swift in Sources */,
			);
			runOnlyForDeploymentPostprocessing = 0;
		};
		646ADCF32B5D075000A9BEBD /* Sources */ = {
			isa = PBXSourcesBuildPhase;
			buildActionMask = 2147483647;
			files = (
				64A507E52BC15A780009F457 /* TestUserService.swift in Sources */,
				6402C6582C9068D700DCDAFB /* MainCoordinator.swift in Sources */,
				64E2187D2BF3F79E006D3636 /* CustomButton.swift in Sources */,
				646ADD132B5EE2FC00A9BEBD /* PostViewController.swift in Sources */,
				647832992C0B21BB00117C3E /* MVVMProtocol.swift in Sources */,
				646ADCFF2B5D075000A9BEBD /* ViewController.swift in Sources */,
				642AA3AC2B79D96800700255 /* LogInViewController.swift in Sources */,
				642AA3FA2B8A277B00700255 /* PhotosTableViewCell.swift in Sources */,
				642AA3FE2B8DC9E300700255 /* PhotosCollectionViewCell.swift in Sources */,
				647832942BF9211B00117C3E /* FeedModel.swift in Sources */,
				646ADCFB2B5D075000A9BEBD /* AppDelegate.swift in Sources */,
				640A82622BC093140021FE40 /* User.swift in Sources */,
				645319252C94C09100E72AD7 /* LoginVM.swift in Sources */,
				64A507E72BCF8A9D0009F457 /* Checker.swift in Sources */,
				6402C6632C948D1E00DCDAFB /* FeedCoordinator.swift in Sources */,
				646ADD152B5F149C00A9BEBD /* InfoViewController.swift in Sources */,
				642AA3D42B825EE700700255 /* PostTableViewCell.swift in Sources */,
				6402C65A2C9075EC00DCDAFB /* BaseCoordinator.swift in Sources */,
				646ADD0F2B5DCF3E00A9BEBD /* FeedViewController.swift in Sources */,
				647832962C0B206000117C3E /* FeedViewModel.swift in Sources */,
				6402C6652C948D4800DCDAFB /* ProfileCoordinator.swift in Sources */,
				6461563F2B66841E00E15E50 /* ProfileViewController.swift in Sources */,
				640A82652BC12DD90021FE40 /* CurrentUserService.swift in Sources */,
				64A507E92BD3B97E0009F457 /* LoginFactory.swift in Sources */,
				642AA3FC2B8DB69200700255 /* PhotosViewController.swift in Sources */,
				646ADCFD2B5D075000A9BEBD /* SceneDelegate.swift in Sources */,
				6461563B2B6681DB00E15E50 /* ProfileHeaderView.swift in Sources */,
			);
			runOnlyForDeploymentPostprocessing = 0;
		};
/* End PBXSourcesBuildPhase section */

/* Begin PBXTargetDependency section */
		640F434A2BA38C4C00DB6B42 /* PBXTargetDependency */ = {
			isa = PBXTargetDependency;
			target = 640F43442BA38C4C00DB6B42 /* StorageService */;
			targetProxy = 640F43492BA38C4C00DB6B42 /* PBXContainerItemProxy */;
		};
/* End PBXTargetDependency section */

/* Begin PBXVariantGroup section */
		646ADD052B5D075100A9BEBD /* LaunchScreen.storyboard */ = {
			isa = PBXVariantGroup;
			children = (
				646ADD062B5D075100A9BEBD /* Base */,
			);
			name = LaunchScreen.storyboard;
			sourceTree = "<group>";
		};
/* End PBXVariantGroup section */

/* Begin XCBuildConfiguration section */
		640F434F2BA38C4C00DB6B42 /* Debug */ = {
			isa = XCBuildConfiguration;
			buildSettings = {
				BUILD_LIBRARY_FOR_DISTRIBUTION = YES;
				CODE_SIGN_IDENTITY = "";
				CODE_SIGN_STYLE = Automatic;
				CURRENT_PROJECT_VERSION = 1;
				DEFINES_MODULE = YES;
				DEVELOPMENT_TEAM = 35Y4373V43;
				DYLIB_COMPATIBILITY_VERSION = 1;
				DYLIB_CURRENT_VERSION = 1;
				DYLIB_INSTALL_NAME_BASE = "@rpath";
				ENABLE_MODULE_VERIFIER = YES;
				GENERATE_INFOPLIST_FILE = YES;
				INFOPLIST_KEY_NSHumanReadableCopyright = "";
				INSTALL_PATH = "$(LOCAL_LIBRARY_DIR)/Frameworks";
				IPHONEOS_DEPLOYMENT_TARGET = 17.4;
				LD_RUNPATH_SEARCH_PATHS = (
					"$(inherited)",
					"@executable_path/Frameworks",
					"@loader_path/Frameworks",
				);
				MARKETING_VERSION = 1.0;
				MODULE_VERIFIER_SUPPORTED_LANGUAGES = "objective-c objective-c++";
				MODULE_VERIFIER_SUPPORTED_LANGUAGE_STANDARDS = "gnu17 gnu++20";
				PRODUCT_BUNDLE_IDENTIFIER = noisy.StorageService;
				PRODUCT_NAME = "$(TARGET_NAME:c99extidentifier)";
				SKIP_INSTALL = YES;
				SWIFT_EMIT_LOC_STRINGS = YES;
				SWIFT_INSTALL_OBJC_HEADER = NO;
				SWIFT_VERSION = 5.0;
				TARGETED_DEVICE_FAMILY = "1,2";
				VERSIONING_SYSTEM = "apple-generic";
				VERSION_INFO_PREFIX = "";
			};
			name = Debug;
		};
		640F43502BA38C4C00DB6B42 /* Release */ = {
			isa = XCBuildConfiguration;
			buildSettings = {
				BUILD_LIBRARY_FOR_DISTRIBUTION = YES;
				CODE_SIGN_IDENTITY = "";
				CODE_SIGN_STYLE = Automatic;
				CURRENT_PROJECT_VERSION = 1;
				DEFINES_MODULE = YES;
				DEVELOPMENT_TEAM = 35Y4373V43;
				DYLIB_COMPATIBILITY_VERSION = 1;
				DYLIB_CURRENT_VERSION = 1;
				DYLIB_INSTALL_NAME_BASE = "@rpath";
				ENABLE_MODULE_VERIFIER = YES;
				GENERATE_INFOPLIST_FILE = YES;
				INFOPLIST_KEY_NSHumanReadableCopyright = "";
				INSTALL_PATH = "$(LOCAL_LIBRARY_DIR)/Frameworks";
				IPHONEOS_DEPLOYMENT_TARGET = 17.4;
				LD_RUNPATH_SEARCH_PATHS = (
					"$(inherited)",
					"@executable_path/Frameworks",
					"@loader_path/Frameworks",
				);
				MARKETING_VERSION = 1.0;
				MODULE_VERIFIER_SUPPORTED_LANGUAGES = "objective-c objective-c++";
				MODULE_VERIFIER_SUPPORTED_LANGUAGE_STANDARDS = "gnu17 gnu++20";
				PRODUCT_BUNDLE_IDENTIFIER = noisy.StorageService;
				PRODUCT_NAME = "$(TARGET_NAME:c99extidentifier)";
				SKIP_INSTALL = YES;
				SWIFT_EMIT_LOC_STRINGS = YES;
				SWIFT_INSTALL_OBJC_HEADER = NO;
				SWIFT_VERSION = 5.0;
				TARGETED_DEVICE_FAMILY = "1,2";
				VERSIONING_SYSTEM = "apple-generic";
				VERSION_INFO_PREFIX = "";
			};
			name = Release;
		};
		646ADD092B5D075100A9BEBD /* Debug */ = {
			isa = XCBuildConfiguration;
			buildSettings = {
				ALWAYS_SEARCH_USER_PATHS = NO;
				ASSETCATALOG_COMPILER_GENERATE_SWIFT_ASSET_SYMBOL_EXTENSIONS = YES;
				CLANG_ANALYZER_NONNULL = YES;
				CLANG_ANALYZER_NUMBER_OBJECT_CONVERSION = YES_AGGRESSIVE;
				CLANG_CXX_LANGUAGE_STANDARD = "gnu++20";
				CLANG_ENABLE_MODULES = YES;
				CLANG_ENABLE_OBJC_ARC = YES;
				CLANG_ENABLE_OBJC_WEAK = YES;
				CLANG_WARN_BLOCK_CAPTURE_AUTORELEASING = YES;
				CLANG_WARN_BOOL_CONVERSION = YES;
				CLANG_WARN_COMMA = YES;
				CLANG_WARN_CONSTANT_CONVERSION = YES;
				CLANG_WARN_DEPRECATED_OBJC_IMPLEMENTATIONS = YES;
				CLANG_WARN_DIRECT_OBJC_ISA_USAGE = YES_ERROR;
				CLANG_WARN_DOCUMENTATION_COMMENTS = YES;
				CLANG_WARN_EMPTY_BODY = YES;
				CLANG_WARN_ENUM_CONVERSION = YES;
				CLANG_WARN_INFINITE_RECURSION = YES;
				CLANG_WARN_INT_CONVERSION = YES;
				CLANG_WARN_NON_LITERAL_NULL_CONVERSION = YES;
				CLANG_WARN_OBJC_IMPLICIT_RETAIN_SELF = YES;
				CLANG_WARN_OBJC_LITERAL_CONVERSION = YES;
				CLANG_WARN_OBJC_ROOT_CLASS = YES_ERROR;
				CLANG_WARN_QUOTED_INCLUDE_IN_FRAMEWORK_HEADER = YES;
				CLANG_WARN_RANGE_LOOP_ANALYSIS = YES;
				CLANG_WARN_STRICT_PROTOTYPES = YES;
				CLANG_WARN_SUSPICIOUS_MOVE = YES;
				CLANG_WARN_UNGUARDED_AVAILABILITY = YES_AGGRESSIVE;
				CLANG_WARN_UNREACHABLE_CODE = YES;
				CLANG_WARN__DUPLICATE_METHOD_MATCH = YES;
				COPY_PHASE_STRIP = NO;
				DEBUG_INFORMATION_FORMAT = dwarf;
				ENABLE_STRICT_OBJC_MSGSEND = YES;
				ENABLE_TESTABILITY = YES;
				ENABLE_USER_SCRIPT_SANDBOXING = NO;
				GCC_C_LANGUAGE_STANDARD = gnu17;
				GCC_DYNAMIC_NO_PIC = NO;
				GCC_NO_COMMON_BLOCKS = YES;
				GCC_OPTIMIZATION_LEVEL = 0;
				GCC_PREPROCESSOR_DEFINITIONS = (
					"DEBUG=1",
					"$(inherited)",
				);
				GCC_WARN_64_TO_32_BIT_CONVERSION = YES;
				GCC_WARN_ABOUT_RETURN_TYPE = YES_ERROR;
				GCC_WARN_UNDECLARED_SELECTOR = YES;
				GCC_WARN_UNINITIALIZED_AUTOS = YES_AGGRESSIVE;
				GCC_WARN_UNUSED_FUNCTION = YES;
				GCC_WARN_UNUSED_VARIABLE = YES;
				IPHONEOS_DEPLOYMENT_TARGET = 17.2;
				LOCALIZATION_PREFERS_STRING_CATALOGS = YES;
				MTL_ENABLE_DEBUG_INFO = INCLUDE_SOURCE;
				MTL_FAST_MATH = YES;
				ONLY_ACTIVE_ARCH = YES;
				SDKROOT = iphoneos;
				SWIFT_ACTIVE_COMPILATION_CONDITIONS = "DEBUG $(inherited)";
				SWIFT_OPTIMIZATION_LEVEL = "-Onone";
			};
			name = Debug;
		};
		646ADD0A2B5D075100A9BEBD /* Release */ = {
			isa = XCBuildConfiguration;
			buildSettings = {
				ALWAYS_SEARCH_USER_PATHS = NO;
				ASSETCATALOG_COMPILER_GENERATE_SWIFT_ASSET_SYMBOL_EXTENSIONS = YES;
				CLANG_ANALYZER_NONNULL = YES;
				CLANG_ANALYZER_NUMBER_OBJECT_CONVERSION = YES_AGGRESSIVE;
				CLANG_CXX_LANGUAGE_STANDARD = "gnu++20";
				CLANG_ENABLE_MODULES = YES;
				CLANG_ENABLE_OBJC_ARC = YES;
				CLANG_ENABLE_OBJC_WEAK = YES;
				CLANG_WARN_BLOCK_CAPTURE_AUTORELEASING = YES;
				CLANG_WARN_BOOL_CONVERSION = YES;
				CLANG_WARN_COMMA = YES;
				CLANG_WARN_CONSTANT_CONVERSION = YES;
				CLANG_WARN_DEPRECATED_OBJC_IMPLEMENTATIONS = YES;
				CLANG_WARN_DIRECT_OBJC_ISA_USAGE = YES_ERROR;
				CLANG_WARN_DOCUMENTATION_COMMENTS = YES;
				CLANG_WARN_EMPTY_BODY = YES;
				CLANG_WARN_ENUM_CONVERSION = YES;
				CLANG_WARN_INFINITE_RECURSION = YES;
				CLANG_WARN_INT_CONVERSION = YES;
				CLANG_WARN_NON_LITERAL_NULL_CONVERSION = YES;
				CLANG_WARN_OBJC_IMPLICIT_RETAIN_SELF = YES;
				CLANG_WARN_OBJC_LITERAL_CONVERSION = YES;
				CLANG_WARN_OBJC_ROOT_CLASS = YES_ERROR;
				CLANG_WARN_QUOTED_INCLUDE_IN_FRAMEWORK_HEADER = YES;
				CLANG_WARN_RANGE_LOOP_ANALYSIS = YES;
				CLANG_WARN_STRICT_PROTOTYPES = YES;
				CLANG_WARN_SUSPICIOUS_MOVE = YES;
				CLANG_WARN_UNGUARDED_AVAILABILITY = YES_AGGRESSIVE;
				CLANG_WARN_UNREACHABLE_CODE = YES;
				CLANG_WARN__DUPLICATE_METHOD_MATCH = YES;
				COPY_PHASE_STRIP = NO;
				DEBUG_INFORMATION_FORMAT = "dwarf-with-dsym";
				ENABLE_NS_ASSERTIONS = NO;
				ENABLE_STRICT_OBJC_MSGSEND = YES;
				ENABLE_USER_SCRIPT_SANDBOXING = NO;
				GCC_C_LANGUAGE_STANDARD = gnu17;
				GCC_NO_COMMON_BLOCKS = YES;
				GCC_WARN_64_TO_32_BIT_CONVERSION = YES;
				GCC_WARN_ABOUT_RETURN_TYPE = YES_ERROR;
				GCC_WARN_UNDECLARED_SELECTOR = YES;
				GCC_WARN_UNINITIALIZED_AUTOS = YES_AGGRESSIVE;
				GCC_WARN_UNUSED_FUNCTION = YES;
				GCC_WARN_UNUSED_VARIABLE = YES;
				IPHONEOS_DEPLOYMENT_TARGET = 17.2;
				LOCALIZATION_PREFERS_STRING_CATALOGS = YES;
				MTL_ENABLE_DEBUG_INFO = NO;
				MTL_FAST_MATH = YES;
				SDKROOT = iphoneos;
				SWIFT_COMPILATION_MODE = wholemodule;
				VALIDATE_PRODUCT = YES;
			};
			name = Release;
		};
		646ADD0C2B5D075100A9BEBD /* Debug */ = {
			isa = XCBuildConfiguration;
			buildSettings = {
				ALWAYS_EMBED_SWIFT_STANDARD_LIBRARIES = YES;
				ASSETCATALOG_COMPILER_APPICON_NAME = AppIcon;
				ASSETCATALOG_COMPILER_GLOBAL_ACCENT_COLOR_NAME = AccentColor;
				CODE_SIGN_STYLE = Automatic;
				CURRENT_PROJECT_VERSION = 1;
				DEVELOPMENT_TEAM = 35Y4373V43;
				GENERATE_INFOPLIST_FILE = YES;
				INFOPLIST_FILE = Navigation/Info.plist;
				INFOPLIST_KEY_UIApplicationSupportsIndirectInputEvents = YES;
				INFOPLIST_KEY_UILaunchStoryboardName = LaunchScreen;
				INFOPLIST_KEY_UIMainStoryboardFile = "";
				INFOPLIST_KEY_UISupportedInterfaceOrientations_iPad = "UIInterfaceOrientationPortrait UIInterfaceOrientationPortraitUpsideDown UIInterfaceOrientationLandscapeLeft UIInterfaceOrientationLandscapeRight";
				INFOPLIST_KEY_UISupportedInterfaceOrientations_iPhone = "UIInterfaceOrientationPortrait UIInterfaceOrientationLandscapeLeft UIInterfaceOrientationLandscapeRight";
				IPHONEOS_DEPLOYMENT_TARGET = 13.0;
				LD_RUNPATH_SEARCH_PATHS = (
					"$(inherited)",
					"@executable_path/Frameworks",
				);
				MARKETING_VERSION = 1.0;
				PRODUCT_BUNDLE_IDENTIFIER = noisy.Navigation;
				PRODUCT_NAME = "$(TARGET_NAME)";
				SUPPORTED_PLATFORMS = "iphoneos iphonesimulator";
				SUPPORTS_MACCATALYST = NO;
				SUPPORTS_MAC_DESIGNED_FOR_IPHONE_IPAD = NO;
				SUPPORTS_XR_DESIGNED_FOR_IPHONE_IPAD = NO;
				SWIFT_EMIT_LOC_STRINGS = YES;
				SWIFT_VERSION = 5.0;
				TARGETED_DEVICE_FAMILY = "1,2";
			};
			name = Debug;
		};
		646ADD0D2B5D075100A9BEBD /* Release */ = {
			isa = XCBuildConfiguration;
			buildSettings = {
				ALWAYS_EMBED_SWIFT_STANDARD_LIBRARIES = YES;
				ASSETCATALOG_COMPILER_APPICON_NAME = AppIcon;
				ASSETCATALOG_COMPILER_GLOBAL_ACCENT_COLOR_NAME = AccentColor;
				CODE_SIGN_STYLE = Automatic;
				CURRENT_PROJECT_VERSION = 1;
				DEVELOPMENT_TEAM = 35Y4373V43;
				GENERATE_INFOPLIST_FILE = YES;
				INFOPLIST_FILE = Navigation/Info.plist;
				INFOPLIST_KEY_UIApplicationSupportsIndirectInputEvents = YES;
				INFOPLIST_KEY_UILaunchStoryboardName = LaunchScreen;
				INFOPLIST_KEY_UIMainStoryboardFile = "";
				INFOPLIST_KEY_UISupportedInterfaceOrientations_iPad = "UIInterfaceOrientationPortrait UIInterfaceOrientationPortraitUpsideDown UIInterfaceOrientationLandscapeLeft UIInterfaceOrientationLandscapeRight";
				INFOPLIST_KEY_UISupportedInterfaceOrientations_iPhone = "UIInterfaceOrientationPortrait UIInterfaceOrientationLandscapeLeft UIInterfaceOrientationLandscapeRight";
				IPHONEOS_DEPLOYMENT_TARGET = 13.0;
				LD_RUNPATH_SEARCH_PATHS = (
					"$(inherited)",
					"@executable_path/Frameworks",
				);
				MARKETING_VERSION = 1.0;
				PRODUCT_BUNDLE_IDENTIFIER = noisy.Navigation;
				PRODUCT_NAME = "$(TARGET_NAME)";
				SUPPORTED_PLATFORMS = "iphoneos iphonesimulator";
				SUPPORTS_MACCATALYST = NO;
				SUPPORTS_MAC_DESIGNED_FOR_IPHONE_IPAD = NO;
				SUPPORTS_XR_DESIGNED_FOR_IPHONE_IPAD = NO;
				SWIFT_EMIT_LOC_STRINGS = YES;
				SWIFT_VERSION = 5.0;
				TARGETED_DEVICE_FAMILY = "1,2";
			};
			name = Release;
		};
/* End XCBuildConfiguration section */

/* Begin XCConfigurationList section */
		640F434E2BA38C4C00DB6B42 /* Build configuration list for PBXNativeTarget "StorageService" */ = {
			isa = XCConfigurationList;
			buildConfigurations = (
				640F434F2BA38C4C00DB6B42 /* Debug */,
				640F43502BA38C4C00DB6B42 /* Release */,
			);
			defaultConfigurationIsVisible = 0;
			defaultConfigurationName = Release;
		};
		646ADCF22B5D075000A9BEBD /* Build configuration list for PBXProject "Navigation" */ = {
			isa = XCConfigurationList;
			buildConfigurations = (
				646ADD092B5D075100A9BEBD /* Debug */,
				646ADD0A2B5D075100A9BEBD /* Release */,
			);
			defaultConfigurationIsVisible = 0;
			defaultConfigurationName = Release;
		};
		646ADD0B2B5D075100A9BEBD /* Build configuration list for PBXNativeTarget "Navigation" */ = {
			isa = XCConfigurationList;
			buildConfigurations = (
				646ADD0C2B5D075100A9BEBD /* Debug */,
				646ADD0D2B5D075100A9BEBD /* Release */,
			);
			defaultConfigurationIsVisible = 0;
			defaultConfigurationName = Release;
		};
/* End XCConfigurationList section */

/* Begin XCRemoteSwiftPackageReference section */
		645E18BE2C9EE15B00E3144A /* XCRemoteSwiftPackageReference "iOSIntPackage" */ = {
			isa = XCRemoteSwiftPackageReference;
			repositoryURL = "https://github.com/TrueMax/iOSIntPackage";
			requirement = {
				kind = upToNextMajorVersion;
				minimumVersion = 3.2.3;
			};
		};
/* End XCRemoteSwiftPackageReference section */

/* Begin XCSwiftPackageProductDependency section */
		645E18BF2C9EE15B00E3144A /* iOSIntPackage */ = {
			isa = XCSwiftPackageProductDependency;
			package = 645E18BE2C9EE15B00E3144A /* XCRemoteSwiftPackageReference "iOSIntPackage" */;
			productName = iOSIntPackage;
		};
/* End XCSwiftPackageProductDependency section */
	};
	rootObject = 646ADCEF2B5D075000A9BEBD /* Project object */;
}
